
Microsoft Visual Studio Solution File, Format Version 12.00
# Visual Studio 15
VisualStudioVersion = 15.0.27703.2047
MinimumVisualStudioVersion = 10.0.40219.1
Project("{FAE04EC0-301F-11D3-BF4B-00C04F79EFBC}") = "PacMan", "PacMan\PacMan.csproj", "{CF18F587-51B4-4D4C-A562-1F5245C62394}"
EndProject
Global
	GlobalSection(SolutionConfigurationPlatforms) = preSolution
		Debug|x86 = Debug|x86
		Release|x86 = Release|x86
	EndGlobalSection
	GlobalSection(ProjectConfigurationPlatforms) = postSolution
		{CF18F587-51B4-4D4C-A562-1F5245C62394}.Debug|x86.ActiveCfg = Debug|x86
		{CF18F587-51B4-4D4C-A562-1F5245C62394}.Debug|x86.Build.0 = Debug|x86
		{CF18F587-51B4-4D4C-A562-1F5245C62394}.Release|x86.ActiveCfg = Release|x86
		{CF18F587-51B4-4D4C-A562-1F5245C62394}.Release|x86.Build.0 = Release|x86
	EndGlobalSection
	GlobalSection(SolutionProperties) = preSolution
		HideSolutionNode = FALSE
	EndGlobalSection
	GlobalSection(ExtensibilityGlobals) = postSolution
		SolutionGuid = {42F395AF-AD18-4A81-90BF-D33F63F9EA68}
	EndGlobalSection
EndGlobal
